{
  "name": "demo-agent",
  "lockfileVersion": 3,
  "requires": true,
  "packages": {
    "": {
      "name": "demo-agent",
      "license": "MIT",
      "dependencies": {
        "@flatfile/api": "^1.5.20",
        "@flatfile/listener": "^0.3.14",
        "@flatfile/plugin-automap": "^0.0.3",
        "@flatfile/plugin-delimiter-extractor": "^0.4.0",
        "@flatfile/plugin-json-extractor": "^0.4.2",
        "@flatfile/plugin-record-hook": "^1.0.1",
        "@flatfile/plugin-xlsx-extractor": "^1.5.0",
        "@flatfile/plugin-xml-extractor": "^0.3.0",
        "@flatfile/plugin-zip-extractor": "^0.3.1",
        "@types/node-fetch": "^2.6.4",
        "node-fetch": "^3.3.2"
      },
      "devDependencies": {
        "@types/node": "^20.5.1",
        "@vercel/ncc": "^0.36.1",
        "typescript": "^5.1.6"
      }
    },
    "node_modules/@effect/data": {
      "version": "0.18.5",
      "resolved": "https://registry.npmjs.org/@effect/data/-/data-0.18.5.tgz",
      "integrity": "sha512-VFPJ0prGq3eF6/eZYKVI/1IC1purdGJXEHJC1ggKynPko03upjtmeCeCsEyMiY12DzVIAuME425JndiFb7m2xw=="
    },
    "node_modules/@effect/io": {
      "version": "0.40.1",
      "resolved": "https://registry.npmjs.org/@effect/io/-/io-0.40.1.tgz",
      "integrity": "sha512-OeMK7JonvW/D6Z377cOsuCSHUbsO9ZkmAIDmzQ1Qffx8+h5yUXRm0htmPwKkxtCHZr2QxyZfSBzxSzrGU7asXQ==",
      "peerDependencies": {
        "@effect/data": "^0.18.5"
      }
    },
    "node_modules/@effect/match": {
      "version": "0.35.2",
      "resolved": "https://registry.npmjs.org/@effect/match/-/match-0.35.2.tgz",
      "integrity": "sha512-2zZhWIdejX3xqbjormykBveHZTB/DBr/u/XBj5Ln6u2ShbMvoUykgVEscQLN3CsQeHDS14Vvr1DOvH0qeMILZQ==",
      "peerDependencies": {
        "@effect/data": "^0.18.3"
      }
    },
    "node_modules/@effect/stm": {
      "version": "0.24.0",
      "resolved": "https://registry.npmjs.org/@effect/stm/-/stm-0.24.0.tgz",
      "integrity": "sha512-6L4zhy2lvkxn3jMG7dvZ4lKOmxSvaNBpkIT/ZOS6mad+B5/r8G3bKFe0C70aHwpQkxORd9LVmFr/f5MXLKZtfQ==",
      "peerDependencies": {
        "@effect/data": "^0.18.3",
        "@effect/io": "^0.40.0"
      }
    },
    "node_modules/@effect/stream": {
      "version": "0.36.0",
      "resolved": "https://registry.npmjs.org/@effect/stream/-/stream-0.36.0.tgz",
      "integrity": "sha512-vAMQ3kumsAXAiAwtuzJEOeII2bAB9rNY1NLYOqpgvXVWTUIYQf/wy4QbbcLXLuoMUUi7zS/JDVmC8jbPscfLNg==",
      "peerDependencies": {
        "@effect/data": "^0.18.3",
        "@effect/io": "^0.40.0"
      }
    },
    "node_modules/@flatfile/api": {
      "version": "1.5.24",
      "resolved": "https://registry.npmjs.org/@flatfile/api/-/api-1.5.24.tgz",
      "integrity": "sha512-bc7y2K9wj+GXoTsSSnsySaI9nD/aPIIDoi4eRZ0F7VrlA3XVjsQrge/AMrI2j47i9gL5uLSEkkJEjdGi8ddG8w==",
      "dependencies": {
        "@flatfile/cross-env-config": "0.0.4",
        "@types/url-join": "4.0.1",
        "@ungap/url-search-params": "0.2.2",
        "axios": "0.27.2",
        "form-data": "4.0.0",
        "js-base64": "3.7.2",
        "url-join": "4.0.1"
      }
    },
    "node_modules/@flatfile/api/node_modules/axios": {
      "version": "0.27.2",
      "resolved": "https://registry.npmjs.org/axios/-/axios-0.27.2.tgz",
      "integrity": "sha512-t+yRIyySRTp/wua5xEr+z1q60QmLq8ABsS5O9Me1AsE5dfKqgnCFzwiCZZ/cGNd1lq4/7akDWMxdhVlucjmnOQ==",
      "dependencies": {
        "follow-redirects": "^1.14.9",
        "form-data": "^4.0.0"
      }
    },
    "node_modules/@flatfile/common-plugin-utils": {
      "version": "1.0.1",
      "resolved": "https://registry.npmjs.org/@flatfile/common-plugin-utils/-/common-plugin-utils-1.0.1.tgz",
      "integrity": "sha512-hvLH6Sad2QbFYZC2mQNhQzQ6T6eD12pkXYdHJKfcYvk3h6LiDuoN+4Qf2EidKkhPH1Eb2uAQ9y5uKCHqbrrIBA==",
      "engines": {
        "node": ">= 12"
      }
    },
    "node_modules/@flatfile/cross-env-config": {
      "version": "0.0.4",
      "resolved": "https://registry.npmjs.org/@flatfile/cross-env-config/-/cross-env-config-0.0.4.tgz",
      "integrity": "sha512-mNaqtASTly4N09pjQts5zDnYXFLC891TCxJEiFUnil8p6lQciyd0gnPSnhJD0TTlO5817gX3mLE9RDoAETtIbg=="
    },
    "node_modules/@flatfile/hooks": {
      "version": "1.3.2",
      "resolved": "https://registry.npmjs.org/@flatfile/hooks/-/hooks-1.3.2.tgz",
      "integrity": "sha512-5HUBar6CnhhMU7lr4DnD79QfV4MtR1dUjZQJdt50HCS5pxy+tbF70JJSnoF/6itj+0hATkSC/Ep5C1XfABAGYw=="
    },
    "node_modules/@flatfile/listener": {
      "version": "0.3.15",
      "resolved": "https://registry.npmjs.org/@flatfile/listener/-/listener-0.3.15.tgz",
      "integrity": "sha512-tSoM7/C62kxXQ7itMyEhPlftw2wd5SklfUGDcBeTfNO3DWN2K5vlD6EHYVBk3LWA8BBqrCBKEZfiCBwdQ7Cdpw==",
      "dependencies": {
        "ansi-colors": "^4.1.3",
        "flat": "^5.0.2"
      },
      "peerDependencies": {
        "@flatfile/api": "^1.5.10",
        "axios": "^1.4.0"
      }
    },
    "node_modules/@flatfile/plugin-automap": {
      "version": "0.0.3",
      "resolved": "https://registry.npmjs.org/@flatfile/plugin-automap/-/plugin-automap-0.0.3.tgz",
      "integrity": "sha512-VkcxO3/hSXZqQLcFLmxucJFSCf4b6UBIOEbVaTtaQzW4pvQlzAPQRmXSMY7Ho7u5Lkzqd0JgVYkopdVYHqoD2Q==",
      "dependencies": {
        "@flatfile/api": "^1.5.11",
        "@flatfile/common-plugin-utils": "^1.0.1",
        "@flatfile/listener": "^0.3.15",
        "@flatfile/utils-debugger": "^0.0.3",
        "remeda": "^1.23.0"
      },
      "engines": {
        "node": ">= 16"
      }
    },
    "node_modules/@flatfile/plugin-delimiter-extractor": {
      "version": "0.4.3",
      "resolved": "https://registry.npmjs.org/@flatfile/plugin-delimiter-extractor/-/plugin-delimiter-extractor-0.4.3.tgz",
      "integrity": "sha512-NfY2Hs04g2DKd+h6692Eo3vRtNK6rIWXk9SqoeY0O7FoXSonXBhmVXty/IZAi4hNESKahqplahf0P3cdYpYs5g==",
      "dependencies": {
        "@flatfile/api": "^1.5.13",
        "@flatfile/listener": "^0.3.15",
        "@flatfile/util-extractor": "0.2.4",
        "papaparse": "^5.4.1",
        "remeda": "^1.14.0"
      },
      "engines": {
        "node": ">= 16"
      }
    },
    "node_modules/@flatfile/plugin-json-extractor": {
      "version": "0.4.5",
      "resolved": "https://registry.npmjs.org/@flatfile/plugin-json-extractor/-/plugin-json-extractor-0.4.5.tgz",
      "integrity": "sha512-Uqp6mhlwi5IKDrJNpQgNJnhp0PBhZLZtGqrVPLs0bHmt9UkgCvG28BPa3Z+2tP0QO6q+AzFClvq70HLmSj/Q7g==",
      "dependencies": {
        "@flatfile/api": "^1.4.9",
        "@flatfile/hooks": "^1.3.0",
        "@flatfile/listener": "^0.3.15",
        "@flatfile/util-extractor": "0.2.4",
        "remeda": "^1.14.0"
      },
      "engines": {
        "node": ">= 16"
      }
    },
    "node_modules/@flatfile/plugin-record-hook": {
      "version": "1.1.1",
      "resolved": "https://registry.npmjs.org/@flatfile/plugin-record-hook/-/plugin-record-hook-1.1.1.tgz",
      "integrity": "sha512-iYD76Wd8OzDFJWgoHOIOQZ2X+wXhH+mdrMeQpcgAZ9/CIRWBb9PxOAVmjicBPU/6GqBiAKHp1yM4/H9HY0gB2g==",
      "dependencies": {
        "@flatfile/api": "^1.5.13",
        "@flatfile/hooks": "^1.3.1",
        "@flatfile/listener": "^0.3.15",
        "@flatfile/util-common": "^0.2.0",
        "effect": "^2.0.0-next.29"
      },
      "engines": {
        "node": ">= 12"
      }
    },
    "node_modules/@flatfile/plugin-xlsx-extractor": {
      "version": "1.7.0",
      "resolved": "https://registry.npmjs.org/@flatfile/plugin-xlsx-extractor/-/plugin-xlsx-extractor-1.7.0.tgz",
      "integrity": "sha512-BmhW64Dfd7kSQpn9r7GJs2okCYJs174QWf6BrzSDC2vzijcaaYd9NwzL0/PW0/qQUj2PSl/PstD1bzmd59SP+g==",
      "dependencies": {
        "@flatfile/api": "^1.4.9",
        "@flatfile/hooks": "^1.3.0",
        "@flatfile/listener": "^0.3.15",
        "@flatfile/util-extractor": "0.4.0",
        "remeda": "^1.14.0",
        "xlsx": "^0.18.5"
      },
      "engines": {
        "node": ">= 12"
      }
    },
    "node_modules/@flatfile/plugin-xlsx-extractor/node_modules/@flatfile/util-extractor": {
      "version": "0.4.0",
      "resolved": "https://registry.npmjs.org/@flatfile/util-extractor/-/util-extractor-0.4.0.tgz",
      "integrity": "sha512-3NblLcHyd97TK82by9jYyFc+1l3Xc2mfYjGtQrnimGuBQs3in8yBUxc0ddsackxEHGVcLgbt8VydPXN/pBIQmw==",
      "dependencies": {
        "@flatfile/api": "^1.5.13",
        "@flatfile/listener": "^0.3.15",
        "@flatfile/util-common": "^0.2.0",
        "@flatfile/util-file-buffer": "0.1.0",
        "remeda": "^1.14.0"
      },
      "engines": {
        "node": ">= 16"
      }
    },
    "node_modules/@flatfile/plugin-xlsx-extractor/node_modules/@flatfile/util-file-buffer": {
      "version": "0.1.0",
      "resolved": "https://registry.npmjs.org/@flatfile/util-file-buffer/-/util-file-buffer-0.1.0.tgz",
      "integrity": "sha512-o2QxGFsKefi4ySbYvyEA+0CU5HckeqyyXUAEgC98mfQ5TKNEvtYwspy97SIc32gbkn7NWQhnVYCKhQG6o78peg==",
      "dependencies": {
        "@flatfile/api": "^1.5.13",
        "@flatfile/listener": "^0.3.15"
      },
      "engines": {
        "node": ">= 16"
      }
    },
    "node_modules/@flatfile/plugin-xml-extractor": {
      "version": "0.3.3",
      "resolved": "https://registry.npmjs.org/@flatfile/plugin-xml-extractor/-/plugin-xml-extractor-0.3.3.tgz",
      "integrity": "sha512-KFS8nM1U68ww5LDrFBel0aozYkCkTRI+CJ0pi4O06lpZMwKNmu/a1j/wU9l4heDA1GfO8FEAAUby+t0Y8Boi4A==",
      "dependencies": {
        "@flatfile/api": "^1.5.13",
        "@flatfile/listener": "^0.3.15",
        "@flatfile/util-extractor": "0.2.4",
        "@flatfile/util-file-buffer": "0.0.4",
        "remeda": "^1.24.0",
        "xml-json-format": "^1.0.8"
      },
      "engines": {
        "node": ">= 16"
      }
    },
    "node_modules/@flatfile/plugin-zip-extractor": {
      "version": "0.3.6",
      "resolved": "https://registry.npmjs.org/@flatfile/plugin-zip-extractor/-/plugin-zip-extractor-0.3.6.tgz",
      "integrity": "sha512-2b6jU79Ax574PdldsUuIXuLPMh87ki/ZaD0bqVcnc2wKipGkBWwC0F2oD5cA0aUdG1xpg+uaPZs5CeCXOBF2BQ==",
      "dependencies": {
        "@flatfile/api": "^1.4.9",
        "@flatfile/hooks": "^1.3.0",
        "@flatfile/listener": "^0.3.15",
        "@flatfile/util-common": "^0.2.0",
        "@flatfile/util-file-buffer": "^0.1.0",
        "adm-zip": "^0.5.10",
        "os": "^0.1.2",
        "remeda": "^1.14.0"
      },
      "engines": {
        "node": ">= 16"
      }
    },
    "node_modules/@flatfile/plugin-zip-extractor/node_modules/@flatfile/util-file-buffer": {
      "version": "0.1.0",
      "resolved": "https://registry.npmjs.org/@flatfile/util-file-buffer/-/util-file-buffer-0.1.0.tgz",
      "integrity": "sha512-o2QxGFsKefi4ySbYvyEA+0CU5HckeqyyXUAEgC98mfQ5TKNEvtYwspy97SIc32gbkn7NWQhnVYCKhQG6o78peg==",
      "dependencies": {
        "@flatfile/api": "^1.5.13",
        "@flatfile/listener": "^0.3.15"
      },
      "engines": {
        "node": ">= 16"
      }
    },
    "node_modules/@flatfile/util-common": {
      "version": "0.2.0",
      "resolved": "https://registry.npmjs.org/@flatfile/util-common/-/util-common-0.2.0.tgz",
      "integrity": "sha512-CjkkWx5GzGvSBP/rUMkuaqK3MINoIScSz8MbF4xzw3IZpk578AgcuR+C8xtzX359HuJchMtoMIkh1GMqot1zQQ==",
      "engines": {
        "node": ">= 16"
      }
    },
    "node_modules/@flatfile/util-extractor": {
      "version": "0.2.4",
      "resolved": "https://registry.npmjs.org/@flatfile/util-extractor/-/util-extractor-0.2.4.tgz",
      "integrity": "sha512-mXfNDGrHl+raUVtMITbOyvzxCnEZSfcXreIuZbE749eU/hs8MeTwp9UcZF5BFkFrj/IqMrSmy91y2nyitB/aNQ==",
      "dependencies": {
        "@flatfile/api": "^1.5.13",
        "@flatfile/listener": "^0.3.15",
        "@flatfile/util-common": "^0.1.0",
        "@flatfile/util-file-buffer": "0.0.4",
        "remeda": "^1.14.0"
      },
      "engines": {
        "node": ">= 16"
      }
    },
    "node_modules/@flatfile/util-extractor/node_modules/@flatfile/util-common": {
      "version": "0.1.1",
      "resolved": "https://registry.npmjs.org/@flatfile/util-common/-/util-common-0.1.1.tgz",
      "integrity": "sha512-RytsjI3RyTOqE4FZwtJZmLNXxGcpzDrOfc52sFCsjWfC9sGYpJ+pkeW0JunlPfGI2Mk5/PFYZzNk8J4UDoTheA==",
      "engines": {
        "node": ">= 16"
      }
    },
    "node_modules/@flatfile/util-file-buffer": {
      "version": "0.0.4",
      "resolved": "https://registry.npmjs.org/@flatfile/util-file-buffer/-/util-file-buffer-0.0.4.tgz",
      "integrity": "sha512-302h1PEY3oyEOa/lTHsQF4TzF0Nm5amyqipTp6Eodga0awPo7WhqnMMk054er9vPAov4QeP0gSAzhCJcI9HhPw==",
      "dependencies": {
        "@flatfile/api": "^1.5.13",
        "@flatfile/listener": "^0.3.15"
      },
      "engines": {
        "node": ">= 16"
      }
    },
    "node_modules/@flatfile/utils-debugger": {
      "version": "0.0.3",
      "resolved": "https://registry.npmjs.org/@flatfile/utils-debugger/-/utils-debugger-0.0.3.tgz",
      "integrity": "sha512-B0+PiVZ63BZwtop21GRUQp8rJ2l/77K24jEE3B/vwq+vWfa3/4U7Yw+6rJtJIE23vpubGDNv6T0F8Cz42eo40g==",
      "dependencies": {
        "ansi-colors": "^4.1.3"
      }
    },
    "node_modules/@types/node": {
      "version": "20.6.0",
      "resolved": "https://registry.npmjs.org/@types/node/-/node-20.6.0.tgz",
      "integrity": "sha512-najjVq5KN2vsH2U/xyh2opaSEz6cZMR2SetLIlxlj08nOcmPOemJmUK2o4kUzfLqfrWE0PIrNeE16XhYDd3nqg=="
    },
    "node_modules/@types/node-fetch": {
      "version": "2.6.4",
      "resolved": "https://registry.npmjs.org/@types/node-fetch/-/node-fetch-2.6.4.tgz",
      "integrity": "sha512-1ZX9fcN4Rvkvgv4E6PAY5WXUFWFcRWxZa3EW83UjycOB9ljJCedb2CupIP4RZMEwF/M3eTcCihbBRgwtGbg5Rg==",
      "dependencies": {
        "@types/node": "*",
        "form-data": "^3.0.0"
      }
    },
    "node_modules/@types/node-fetch/node_modules/form-data": {
      "version": "3.0.1",
      "resolved": "https://registry.npmjs.org/form-data/-/form-data-3.0.1.tgz",
      "integrity": "sha512-RHkBKtLWUVwd7SqRIvCZMEvAMoGUp0XU+seQiZejj0COz3RI3hWP4sCv3gZWWLjJTd7rGwcsF5eKZGii0r/hbg==",
      "dependencies": {
        "asynckit": "^0.4.0",
        "combined-stream": "^1.0.8",
        "mime-types": "^2.1.12"
      },
      "engines": {
        "node": ">= 6"
      }
    },
    "node_modules/@types/url-join": {
      "version": "4.0.1",
      "resolved": "https://registry.npmjs.org/@types/url-join/-/url-join-4.0.1.tgz",
      "integrity": "sha512-wDXw9LEEUHyV+7UWy7U315nrJGJ7p1BzaCxDpEoLr789Dk1WDVMMlf3iBfbG2F8NdWnYyFbtTxUn2ZNbm1Q4LQ=="
    },
    "node_modules/@ungap/url-search-params": {
      "version": "0.2.2",
      "resolved": "https://registry.npmjs.org/@ungap/url-search-params/-/url-search-params-0.2.2.tgz",
      "integrity": "sha512-qQsguKXZVKdCixOHX9jqnX/K/1HekPDpGKyEcXHT+zR6EjGA7S4boSuelL4uuPv6YfhN0n8c4UxW+v/Z3gM2iw=="
    },
    "node_modules/@vercel/ncc": {
      "version": "0.36.1",
      "resolved": "https://registry.npmjs.org/@vercel/ncc/-/ncc-0.36.1.tgz",
      "integrity": "sha512-S4cL7Taa9yb5qbv+6wLgiKVZ03Qfkc4jGRuiUQMQ8HGBD5pcNRnHeYM33zBvJE4/zJGjJJ8GScB+WmTsn9mORw==",
      "dev": true,
      "bin": {
        "ncc": "dist/ncc/cli.js"
      }
    },
    "node_modules/adler-32": {
      "version": "1.3.1",
      "resolved": "https://registry.npmjs.org/adler-32/-/adler-32-1.3.1.tgz",
      "integrity": "sha512-ynZ4w/nUUv5rrsR8UUGoe1VC9hZj6V5hU9Qw1HlMDJGEJw5S7TfTErWTjMys6M7vr0YWcPqs3qAr4ss0nDfP+A==",
      "engines": {
        "node": ">=0.8"
      }
    },
    "node_modules/adm-zip": {
      "version": "0.5.10",
      "resolved": "https://registry.npmjs.org/adm-zip/-/adm-zip-0.5.10.tgz",
      "integrity": "sha512-x0HvcHqVJNTPk/Bw8JbLWlWoo6Wwnsug0fnYYro1HBrjxZ3G7/AZk7Ahv8JwDe1uIcz8eBqvu86FuF1POiG7vQ==",
      "engines": {
        "node": ">=6.0"
      }
    },
    "node_modules/ansi-colors": {
      "version": "4.1.3",
      "resolved": "https://registry.npmjs.org/ansi-colors/-/ansi-colors-4.1.3.tgz",
      "integrity": "sha512-/6w/C21Pm1A7aZitlI5Ni/2J6FFQN8i1Cvz3kHABAAbw93v/NlvKdVOqz7CCWz/3iv/JplRSEEZ83XION15ovw==",
      "engines": {
        "node": ">=6"
      }
    },
    "node_modules/asynckit": {
      "version": "0.4.0",
      "resolved": "https://registry.npmjs.org/asynckit/-/asynckit-0.4.0.tgz",
      "integrity": "sha512-Oei9OH4tRh0YqU3GxhX79dM/mwVgvbZJaSNaRk+bshkj0S5cfHcgYakreBjrHwatXKbz+IoIdYLxrKim2MjW0Q=="
    },
    "node_modules/axios": {
      "version": "1.5.0",
      "resolved": "https://registry.npmjs.org/axios/-/axios-1.5.0.tgz",
      "integrity": "sha512-D4DdjDo5CY50Qms0qGQTTw6Q44jl7zRwY7bthds06pUGfChBCTcQs+N743eFWGEd6pRTMd6A+I87aWyFV5wiZQ==",
      "peer": true,
      "dependencies": {
        "follow-redirects": "^1.15.0",
        "form-data": "^4.0.0",
        "proxy-from-env": "^1.1.0"
      }
    },
    "node_modules/cfb": {
      "version": "1.2.2",
      "resolved": "https://registry.npmjs.org/cfb/-/cfb-1.2.2.tgz",
      "integrity": "sha512-KfdUZsSOw19/ObEWasvBP/Ac4reZvAGauZhs6S/gqNhXhI7cKwvlH7ulj+dOEYnca4bm4SGo8C1bTAQvnTjgQA==",
      "dependencies": {
        "adler-32": "~1.3.0",
        "crc-32": "~1.2.0"
      },
      "engines": {
        "node": ">=0.8"
      }
    },
    "node_modules/codepage": {
      "version": "1.15.0",
      "resolved": "https://registry.npmjs.org/codepage/-/codepage-1.15.0.tgz",
      "integrity": "sha512-3g6NUTPd/YtuuGrhMnOMRjFc+LJw/bnMp3+0r/Wcz3IXUuCosKRJvMphm5+Q+bvTVGcJJuRvVLuYba+WojaFaA==",
      "engines": {
        "node": ">=0.8"
      }
    },
    "node_modules/combined-stream": {
      "version": "1.0.8",
      "resolved": "https://registry.npmjs.org/combined-stream/-/combined-stream-1.0.8.tgz",
      "integrity": "sha512-FQN4MRfuJeHf7cBbBMJFXhKSDq+2kAArBlmRBvcvFE5BB1HZKXtSFASDhdlz9zOYwxh8lDdnvmMOe/+5cdoEdg==",
      "dependencies": {
        "delayed-stream": "~1.0.0"
      },
      "engines": {
        "node": ">= 0.8"
      }
    },
    "node_modules/crc-32": {
      "version": "1.2.2",
      "resolved": "https://registry.npmjs.org/crc-32/-/crc-32-1.2.2.tgz",
      "integrity": "sha512-ROmzCKrTnOwybPcJApAA6WBWij23HVfGVNKqqrZpuyZOHqK2CwHSvpGuyt/UNNvaIjEd8X5IFGp4Mh+Ie1IHJQ==",
      "bin": {
        "crc32": "bin/crc32.njs"
      },
      "engines": {
        "node": ">=0.8"
      }
    },
    "node_modules/data-uri-to-buffer": {
      "version": "4.0.1",
      "resolved": "https://registry.npmjs.org/data-uri-to-buffer/-/data-uri-to-buffer-4.0.1.tgz",
      "integrity": "sha512-0R9ikRb668HB7QDxT1vkpuUBtqc53YyAwMwGeUFKRojY/NWKvdZ+9UYtRfGmhqNbRkTSVpMbmyhXipFFv2cb/A==",
      "engines": {
        "node": ">= 12"
      }
    },
    "node_modules/delayed-stream": {
      "version": "1.0.0",
      "resolved": "https://registry.npmjs.org/delayed-stream/-/delayed-stream-1.0.0.tgz",
      "integrity": "sha512-ZySD7Nf91aLB0RxL4KGrKHBXl7Eds1DAmEdcoVawXnLD7SDhpNgtuII2aAkg7a7QS41jxPSZ17p4VdGnMHk3MQ==",
      "engines": {
        "node": ">=0.4.0"
      }
    },
    "node_modules/effect": {
      "version": "2.0.0-next.32",
      "resolved": "https://registry.npmjs.org/effect/-/effect-2.0.0-next.32.tgz",
      "integrity": "sha512-WSh1x3ajpKcinJrPLdlY+8/SSp2KZUOQywQfefRDWDo0aaLgNRbOFS1onDJdjtC0qDbay2f30UiTH7XtZm8+1A==",
      "dependencies": {
        "@effect/data": "^0.18.5",
        "@effect/io": "^0.40.1",
        "@effect/match": "^0.35.2",
        "@effect/stm": "^0.24.0",
        "@effect/stream": "^0.36.0"
      },
      "peerDependencies": {
        "@effect/data": "^0.18.5",
        "@effect/io": "^0.40.1",
        "@effect/match": "^0.35.2",
        "@effect/stm": "^0.24.0",
        "@effect/stream": "^0.36.0"
      }
    },
    "node_modules/fetch-blob": {
      "version": "3.2.0",
      "resolved": "https://registry.npmjs.org/fetch-blob/-/fetch-blob-3.2.0.tgz",
      "integrity": "sha512-7yAQpD2UMJzLi1Dqv7qFYnPbaPx7ZfFK6PiIxQ4PfkGPyNyl2Ugx+a/umUonmKqjhM4DnfbMvdX6otXq83soQQ==",
      "funding": [
        {
          "type": "github",
          "url": "https://github.com/sponsors/jimmywarting"
        },
        {
          "type": "paypal",
          "url": "https://paypal.me/jimmywarting"
        }
      ],
      "dependencies": {
        "node-domexception": "^1.0.0",
        "web-streams-polyfill": "^3.0.3"
      },
      "engines": {
        "node": "^12.20 || >= 14.13"
      }
    },
    "node_modules/flat": {
      "version": "5.0.2",
      "resolved": "https://registry.npmjs.org/flat/-/flat-5.0.2.tgz",
      "integrity": "sha512-b6suED+5/3rTpUBdG1gupIl8MPFCAMA0QXwmljLhvCUKcUvdE4gWky9zpuGCcXHOsz4J9wPGNWq6OKpmIzz3hQ==",
      "bin": {
        "flat": "cli.js"
      }
    },
    "node_modules/follow-redirects": {
      "version": "1.15.2",
      "resolved": "https://registry.npmjs.org/follow-redirects/-/follow-redirects-1.15.2.tgz",
      "integrity": "sha512-VQLG33o04KaQ8uYi2tVNbdrWp1QWxNNea+nmIB4EVM28v0hmP17z7aG1+wAkNzVq4KeXTq3221ye5qTJP91JwA==",
      "funding": [
        {
          "type": "individual",
          "url": "https://github.com/sponsors/RubenVerborgh"
        }
      ],
      "engines": {
        "node": ">=4.0"
      },
      "peerDependenciesMeta": {
        "debug": {
          "optional": true
        }
      }
    },
    "node_modules/form-data": {
      "version": "4.0.0",
      "resolved": "https://registry.npmjs.org/form-data/-/form-data-4.0.0.tgz",
      "integrity": "sha512-ETEklSGi5t0QMZuiXoA/Q6vcnxcLQP5vdugSpuAyi6SVGi2clPPp+xgEhuMaHC+zGgn31Kd235W35f7Hykkaww==",
      "dependencies": {
        "asynckit": "^0.4.0",
        "combined-stream": "^1.0.8",
        "mime-types": "^2.1.12"
      },
      "engines": {
        "node": ">= 6"
      }
    },
    "node_modules/formdata-polyfill": {
      "version": "4.0.10",
      "resolved": "https://registry.npmjs.org/formdata-polyfill/-/formdata-polyfill-4.0.10.tgz",
      "integrity": "sha512-buewHzMvYL29jdeQTVILecSaZKnt/RJWjoZCF5OW60Z67/GmSLBkOFM7qh1PI3zFNtJbaZL5eQu1vLfazOwj4g==",
      "dependencies": {
        "fetch-blob": "^3.1.2"
      },
      "engines": {
        "node": ">=12.20.0"
      }
    },
    "node_modules/frac": {
      "version": "1.1.2",
      "resolved": "https://registry.npmjs.org/frac/-/frac-1.1.2.tgz",
      "integrity": "sha512-w/XBfkibaTl3YDqASwfDUqkna4Z2p9cFSr1aHDt0WoMTECnRfBOv2WArlZILlqgWlmdIlALXGpM2AOhEk5W3IA==",
      "engines": {
        "node": ">=0.8"
      }
    },
    "node_modules/js-base64": {
      "version": "3.7.2",
      "resolved": "https://registry.npmjs.org/js-base64/-/js-base64-3.7.2.tgz",
      "integrity": "sha512-NnRs6dsyqUXejqk/yv2aiXlAvOs56sLkX6nUdeaNezI5LFFLlsZjOThmwnrcwh5ZZRwZlCMnVAY3CvhIhoVEKQ=="
    },
    "node_modules/mime-db": {
      "version": "1.52.0",
      "resolved": "https://registry.npmjs.org/mime-db/-/mime-db-1.52.0.tgz",
      "integrity": "sha512-sPU4uV7dYlvtWJxwwxHD0PuihVNiE7TyAbQ5SWxDCB9mUYvOgroQOwYQQOKPJ8CIbE+1ETVlOoK1UC2nU3gYvg==",
      "engines": {
        "node": ">= 0.6"
      }
    },
    "node_modules/mime-types": {
      "version": "2.1.35",
      "resolved": "https://registry.npmjs.org/mime-types/-/mime-types-2.1.35.tgz",
      "integrity": "sha512-ZDY+bPm5zTTF+YpCrAU9nK0UgICYPT0QtT1NZWFv4s++TNkcgVaT0g6+4R2uI4MjQjzysHB1zxuWL50hzaeXiw==",
      "dependencies": {
        "mime-db": "1.52.0"
      },
      "engines": {
        "node": ">= 0.6"
      }
    },
    "node_modules/node-domexception": {
      "version": "1.0.0",
      "resolved": "https://registry.npmjs.org/node-domexception/-/node-domexception-1.0.0.tgz",
      "integrity": "sha512-/jKZoMpw0F8GRwl4/eLROPA3cfcXtLApP0QzLmUT/HuPCZWyB7IY9ZrMeKw2O/nFIqPQB3PVM9aYm0F312AXDQ==",
      "funding": [
        {
          "type": "github",
          "url": "https://github.com/sponsors/jimmywarting"
        },
        {
          "type": "github",
          "url": "https://paypal.me/jimmywarting"
        }
      ],
      "engines": {
        "node": ">=10.5.0"
      }
    },
    "node_modules/node-fetch": {
      "version": "3.3.2",
      "resolved": "https://registry.npmjs.org/node-fetch/-/node-fetch-3.3.2.tgz",
      "integrity": "sha512-dRB78srN/l6gqWulah9SrxeYnxeddIG30+GOqK/9OlLVyLg3HPnr6SqOWTWOXKRwC2eGYCkZ59NNuSgvSrpgOA==",
      "dependencies": {
        "data-uri-to-buffer": "^4.0.0",
        "fetch-blob": "^3.1.4",
        "formdata-polyfill": "^4.0.10"
      },
      "engines": {
        "node": "^12.20.0 || ^14.13.1 || >=16.0.0"
      },
      "funding": {
        "type": "opencollective",
        "url": "https://opencollective.com/node-fetch"
      }
    },
    "node_modules/os": {
      "version": "0.1.2",
      "resolved": "https://registry.npmjs.org/os/-/os-0.1.2.tgz",
      "integrity": "sha512-ZoXJkvAnljwvc56MbvhtKVWmSkzV712k42Is2mA0+0KTSRakq5XXuXpjZjgAt9ctzl51ojhQWakQQpmOvXWfjQ=="
    },
    "node_modules/papaparse": {
      "version": "5.4.1",
      "resolved": "https://registry.npmjs.org/papaparse/-/papaparse-5.4.1.tgz",
      "integrity": "sha512-HipMsgJkZu8br23pW15uvo6sib6wne/4woLZPlFf3rpDyMe9ywEXUsuD7+6K9PRkJlVT51j/sCOYDKGGS3ZJrw=="
    },
    "node_modules/proxy-from-env": {
      "version": "1.1.0",
      "resolved": "https://registry.npmjs.org/proxy-from-env/-/proxy-from-env-1.1.0.tgz",
      "integrity": "sha512-D+zkORCbA9f1tdWRK0RaCR3GPv50cMxcrz4X8k5LTSUD1Dkw47mKJEZQNunItRTkWwgtaUSo1RVFRIG9ZXiFYg==",
      "peer": true
    },
    "node_modules/remeda": {
      "version": "1.26.0",
      "resolved": "https://registry.npmjs.org/remeda/-/remeda-1.26.0.tgz",
      "integrity": "sha512-v+Qbi2krvXknCvG60gviLUSBJQPxXUVBAvi64m3Awoua3X+ygAmPYPrbFgqwPpiM1tBHNBVrHPBKtza7if+HyQ=="
    },
    "node_modules/sax": {
      "version": "1.2.4",
      "resolved": "https://registry.npmjs.org/sax/-/sax-1.2.4.tgz",
      "integrity": "sha512-NqVDv9TpANUjFm0N8uM5GxL36UgKi9/atZw+x7YFnQ8ckwFGKrl4xX4yWtrey3UJm5nP1kUbnYgLopqWNSRhWw=="
    },
    "node_modules/ssf": {
      "version": "0.11.2",
      "resolved": "https://registry.npmjs.org/ssf/-/ssf-0.11.2.tgz",
      "integrity": "sha512-+idbmIXoYET47hH+d7dfm2epdOMUDjqcB4648sTZ+t2JwoyBFL/insLfB/racrDmsKB3diwsDA696pZMieAC5g==",
      "dependencies": {
        "frac": "~1.1.2"
      },
      "engines": {
        "node": ">=0.8"
      }
    },
    "node_modules/typescript": {
      "version": "5.2.2",
      "resolved": "https://registry.npmjs.org/typescript/-/typescript-5.2.2.tgz",
      "integrity": "sha512-mI4WrpHsbCIcwT9cF4FZvr80QUeKvsUsUvKDoR+X/7XHQH98xYD8YHZg7ANtz2GtZt/CBq2QJ0thkGJMHfqc1w==",
      "dev": true,
      "bin": {
        "tsc": "bin/tsc",
        "tsserver": "bin/tsserver"
      },
      "engines": {
        "node": ">=14.17"
      }
    },
    "node_modules/url-join": {
      "version": "4.0.1",
      "resolved": "https://registry.npmjs.org/url-join/-/url-join-4.0.1.tgz",
      "integrity": "sha512-jk1+QP6ZJqyOiuEI9AEWQfju/nB2Pw466kbA0LEZljHwKeMgd9WrAEgEGxjPDD2+TNbbb37rTyhEfrCXfuKXnA=="
    },
    "node_modules/web-streams-polyfill": {
      "version": "3.2.1",
      "resolved": "https://registry.npmjs.org/web-streams-polyfill/-/web-streams-polyfill-3.2.1.tgz",
      "integrity": "sha512-e0MO3wdXWKrLbL0DgGnUV7WHVuw9OUvL4hjgnPkIeEvESk74gAITi5G606JtZPp39cd8HA9VQzCIvA49LpPN5Q==",
      "engines": {
        "node": ">= 8"
      }
    },
    "node_modules/wmf": {
      "version": "1.0.2",
      "resolved": "https://registry.npmjs.org/wmf/-/wmf-1.0.2.tgz",
      "integrity": "sha512-/p9K7bEh0Dj6WbXg4JG0xvLQmIadrner1bi45VMJTfnbVHsc7yIajZyoSoK60/dtVBs12Fm6WkUI5/3WAVsNMw==",
      "engines": {
        "node": ">=0.8"
      }
    },
    "node_modules/word": {
      "version": "0.3.0",
      "resolved": "https://registry.npmjs.org/word/-/word-0.3.0.tgz",
      "integrity": "sha512-OELeY0Q61OXpdUfTp+oweA/vtLVg5VDOXh+3he3PNzLGG/y0oylSOC1xRVj0+l4vQ3tj/bB1HVHv1ocXkQceFA==",
      "engines": {
        "node": ">=0.8"
      }
    },
    "node_modules/xlsx": {
      "version": "0.18.5",
      "resolved": "https://registry.npmjs.org/xlsx/-/xlsx-0.18.5.tgz",
      "integrity": "sha512-dmg3LCjBPHZnQp5/F/+nnTa+miPJxUXB6vtk42YjBBKayDNagxGEeIdWApkYPOf3Z3pm3k62Knjzp7lMeTEtFQ==",
      "dependencies": {
        "adler-32": "~1.3.0",
        "cfb": "~1.2.1",
        "codepage": "~1.15.0",
        "crc-32": "~1.2.1",
        "ssf": "~0.11.2",
        "wmf": "~1.0.1",
        "word": "~0.3.0"
      },
      "bin": {
        "xlsx": "bin/xlsx.njs"
      },
      "engines": {
        "node": ">=0.8"
      }
    },
    "node_modules/xml-js": {
      "version": "1.6.11",
      "resolved": "https://registry.npmjs.org/xml-js/-/xml-js-1.6.11.tgz",
      "integrity": "sha512-7rVi2KMfwfWFl+GpPg6m80IVMWXLRjO+PxTq7V2CDhoGak0wzYzFgUY2m4XJ47OGdXd8eLE8EmwfAmdjw7lC1g==",
      "dependencies": {
        "sax": "^1.2.4"
      },
      "bin": {
        "xml-js": "bin/cli.js"
      }
    },
    "node_modules/xml-json-format": {
      "version": "1.0.8",
      "resolved": "https://registry.npmjs.org/xml-json-format/-/xml-json-format-1.0.8.tgz",
      "integrity": "sha512-PfI1bv/hvF62xWBW/fbmJ3F3NEt6idP8Gwu67F+PEqWvtx3oc6iUIBVmIwkgrcbU+WsheJ3NVNrdz3PCnf/rZQ==",
      "dependencies": {
        "xml-js": "^1.6.11"
      }
    }
  }
}
